Microsoft Visual Studio Solution File, Format Version 8.00
Project("{8BC9CEB8-8B4A-11D0-8D11-00A0C91BC942}") = "Shiny", "src\Shiny_vs2003.vcproj", "{063905E0-A6AC-445A-AF5A-572E62B73F63}"
	ProjectSection(ProjectDependencies) = postProject
	EndProjectSection
EndProject
Global
	GlobalSection(SolutionConfiguration) = preSolution
		Debug = Debug
		Release = Release
	EndGlobalSection
	GlobalSection(ProjectConfiguration) = postSolution
		{063905E0-A6AC-445A-AF5A-572E62B73F63}.Debug.ActiveCfg = Debug|Win32
		{063905E0-A6AC-445A-AF5A-572E62B73F63}.Debug.Build.0 = Debug|Win32
		{063905E0-A6AC-445A-AF5A-572E62B73F63}.Release.ActiveCfg = Release|Win32
		{063905E0-A6AC-445A-AF5A-572E62B73F63}.Release.Build.0 = Release|Win32
	EndGlobalSection
	GlobalSection(ExtensibilityGlobals) = postSolution
	EndGlobalSection
	GlobalSection(ExtensibilityAddIns) = postSolution
	EndGlobalSection
EndGlobal
